
Microsoft Visual Studio Solution File, Format Version 12.00
# Visual Studio Version 16
VisualStudioVersion = 16.0.28803.352
MinimumVisualStudioVersion = 10.0.40219.1
Project("{FAE04EC0-301F-11D3-BF4B-00C04F79EFBC}") = "AAPakEditor", "AAPakEditor\AAPakEditor.csproj", "{FFF94EB7-B728-4AAA-98EC-5B17A1C5EDB3}"
EndProject
Project("{FAE04EC0-301F-11D3-BF4B-00C04F79EFBC}") = "AAMod", "AAMod\AAMod.csproj", "{7FA9DDE6-4799-4269-9C2D-F5ADF66F10AC}"
EndProject
Global
	GlobalSection(SolutionConfigurationPlatforms) = preSolution
		Debug|Any CPU = Debug|Any CPU
		Release|Any CPU = Release|Any CPU
	EndGlobalSection
	GlobalSection(ProjectConfigurationPlatforms) = postSolution
		{FFF94EB7-B728-4AAA-98EC-5B17A1C5EDB3}.Debug|Any CPU.ActiveCfg = Debug|Any CPU
		{FFF94EB7-B728-4AAA-98EC-5B17A1C5EDB3}.Debug|Any CPU.Build.0 = Debug|Any CPU
		{FFF94EB7-B728-4AAA-98EC-5B17A1C5EDB3}.Release|Any CPU.ActiveCfg = Release|Any CPU
		{FFF94EB7-B728-4AAA-98EC-5B17A1C5EDB3}.Release|Any CPU.Build.0 = Release|Any CPU
		{7FA9DDE6-4799-4269-9C2D-F5ADF66F10AC}.Debug|Any CPU.ActiveCfg = Debug|Any CPU
		{7FA9DDE6-4799-4269-9C2D-F5ADF66F10AC}.Debug|Any CPU.Build.0 = Debug|Any CPU
		{7FA9DDE6-4799-4269-9C2D-F5ADF66F10AC}.Release|Any CPU.ActiveCfg = Release|Any CPU
		{7FA9DDE6-4799-4269-9C2D-F5ADF66F10AC}.Release|Any CPU.Build.0 = Release|Any CPU
	EndGlobalSection
	GlobalSection(SolutionProperties) = preSolution
		HideSolutionNode = FALSE
	EndGlobalSection
	GlobalSection(ExtensibilityGlobals) = postSolution
		SolutionGuid = {4F689032-122C-4F3E-914D-95E70A6F0C3D}
	EndGlobalSection
EndGlobal
